
Microsoft Visual Studio Solution File, Format Version 12.00
# Visual Studio 15
VisualStudioVersion = 15.0.28307.271
MinimumVisualStudioVersion = 10.0.40219.1
Project("{FAE04EC0-301F-11D3-BF4B-00C04F79EFBC}") = "RocketChatToDoServer", "RocketChatToDoServer\RocketChatToDoServer.csproj", "{7E63F110-ED02-4D39-B787-F31DDAFFFF15}"
EndProject
Project("{FAE04EC0-301F-11D3-BF4B-00C04F79EFBC}") = "RocketChatToDoServer.Database", "RocketChatToDoServer.Database\RocketChatToDoServer.Database.csproj", "{FBAA3D02-BD54-4EB0-9924-24868F3F95A4}"
EndProject
Project("{FAE04EC0-301F-11D3-BF4B-00C04F79EFBC}") = "RocketChatToDoServer.Database.Tests", "RocketChatToDoServer.Database.Tests\RocketChatToDoServer.Database.Tests.csproj", "{481D09E2-5A0D-4794-8686-87711EB79D0B}"
EndProject
Global
	GlobalSection(SolutionConfigurationPlatforms) = preSolution
		Debug|Any CPU = Debug|Any CPU
		Release|Any CPU = Release|Any CPU
	EndGlobalSection
	GlobalSection(ProjectConfigurationPlatforms) = postSolution
		{7E63F110-ED02-4D39-B787-F31DDAFFFF15}.Debug|Any CPU.ActiveCfg = Debug|Any CPU
		{7E63F110-ED02-4D39-B787-F31DDAFFFF15}.Debug|Any CPU.Build.0 = Debug|Any CPU
		{7E63F110-ED02-4D39-B787-F31DDAFFFF15}.Release|Any CPU.ActiveCfg = Release|Any CPU
		{7E63F110-ED02-4D39-B787-F31DDAFFFF15}.Release|Any CPU.Build.0 = Release|Any CPU
		{FBAA3D02-BD54-4EB0-9924-24868F3F95A4}.Debug|Any CPU.ActiveCfg = Debug|Any CPU
		{FBAA3D02-BD54-4EB0-9924-24868F3F95A4}.Debug|Any CPU.Build.0 = Debug|Any CPU
		{FBAA3D02-BD54-4EB0-9924-24868F3F95A4}.Release|Any CPU.ActiveCfg = Release|Any CPU
		{FBAA3D02-BD54-4EB0-9924-24868F3F95A4}.Release|Any CPU.Build.0 = Release|Any CPU
		{481D09E2-5A0D-4794-8686-87711EB79D0B}.Debug|Any CPU.ActiveCfg = Debug|Any CPU
		{481D09E2-5A0D-4794-8686-87711EB79D0B}.Debug|Any CPU.Build.0 = Debug|Any CPU
		{481D09E2-5A0D-4794-8686-87711EB79D0B}.Release|Any CPU.ActiveCfg = Release|Any CPU
		{481D09E2-5A0D-4794-8686-87711EB79D0B}.Release|Any CPU.Build.0 = Release|Any CPU
	EndGlobalSection
	GlobalSection(SolutionProperties) = preSolution
		HideSolutionNode = FALSE
	EndGlobalSection
	GlobalSection(ExtensibilityGlobals) = postSolution
		SolutionGuid = {3F6D27B0-76E5-4FE9-961C-196D324F318D}
	EndGlobalSection
EndGlobal
